
Microsoft Visual Studio Solution File, Format Version 12.00
# Visual Studio Version 16
VisualStudioVersion = 16.0.31702.278
MinimumVisualStudioVersion = 10.0.40219.1
Project("{FAE04EC0-301F-11D3-BF4B-00C04F79EFBC}") = "seeman", "seeman\seeman.csproj", "{D9900F45-63B0-45A9-9F11-F8B656F1D28F}"
EndProject
Global
	GlobalSection(SolutionConfigurationPlatforms) = preSolution
		Debug|Any CPU = Debug|Any CPU
		Release|Any CPU = Release|Any CPU
	EndGlobalSection
	GlobalSection(ProjectConfigurationPlatforms) = postSolution
		{D9900F45-63B0-45A9-9F11-F8B656F1D28F}.Debug|Any CPU.ActiveCfg = Debug|Any CPU
		{D9900F45-63B0-45A9-9F11-F8B656F1D28F}.Debug|Any CPU.Build.0 = Debug|Any CPU
		{D9900F45-63B0-45A9-9F11-F8B656F1D28F}.Release|Any CPU.ActiveCfg = Release|Any CPU
		{D9900F45-63B0-45A9-9F11-F8B656F1D28F}.Release|Any CPU.Build.0 = Release|Any CPU
	EndGlobalSection
	GlobalSection(SolutionProperties) = preSolution
		HideSolutionNode = FALSE
	EndGlobalSection
	GlobalSection(ExtensibilityGlobals) = postSolution
		SolutionGuid = {0A52CC98-04ED-4A75-91C6-19CE85D12BBC}
	EndGlobalSection
EndGlobal
